
Microsoft Visual Studio Solution File, Format Version 12.00
# Visual Studio Version 16
VisualStudioVersion = 16.0.31515.178
MinimumVisualStudioVersion = 10.0.40219.1
Project("{FAE04EC0-301F-11D3-BF4B-00C04F79EFBC}") = "AnimeStudio_v2", "AnimeStudio_v2\AnimeStudio_v2.csproj", "{B407837A-BAE5-4738-B1AE-5CAC5AC51BD2}"
EndProject
Global
	GlobalSection(SolutionConfigurationPlatforms) = preSolution
		Debug|Any CPU = Debug|Any CPU
		Release|Any CPU = Release|Any CPU
	EndGlobalSection
	GlobalSection(ProjectConfigurationPlatforms) = postSolution
		{B407837A-BAE5-4738-B1AE-5CAC5AC51BD2}.Debug|Any CPU.ActiveCfg = Debug|Any CPU
		{B407837A-BAE5-4738-B1AE-5CAC5AC51BD2}.Debug|Any CPU.Build.0 = Debug|Any CPU
		{B407837A-BAE5-4738-B1AE-5CAC5AC51BD2}.Release|Any CPU.ActiveCfg = Release|Any CPU
		{B407837A-BAE5-4738-B1AE-5CAC5AC51BD2}.Release|Any CPU.Build.0 = Release|Any CPU
	EndGlobalSection
	GlobalSection(SolutionProperties) = preSolution
		HideSolutionNode = FALSE
	EndGlobalSection
	GlobalSection(ExtensibilityGlobals) = postSolution
		SolutionGuid = {C8F777D8-4DB3-491D-BA5F-D41519989474}
	EndGlobalSection
EndGlobal
